
Microsoft Visual Studio Solution File, Format Version 12.00
# Visual Studio 15
VisualStudioVersion = 15.0.27130.2027
MinimumVisualStudioVersion = 10.0.40219.1
Project("{2150E333-8FDC-42A3-9474-1A3956D46DE8}") = "src", "src", "{9A0CF459-87CC-448D-B49D-EFC3D6482AA6}"
EndProject
Project("{2150E333-8FDC-42A3-9474-1A3956D46DE8}") = "test", "test", "{12A0FDF2-523E-42C7-81FE-4FDCA5E66A69}"
EndProject
Project("{9A19103F-16F7-4668-BE54-9A1E7A4F7556}") = "ActiveLogin.Identity.Swedish.Test", "test\ActiveLogin.Identity.Swedish.Test\ActiveLogin.Identity.Swedish.Test.csproj", "{066DB539-8441-49BE-A831-191ABF84CF32}"
EndProject
Project("{9A19103F-16F7-4668-BE54-9A1E7A4F7556}") = "ActiveLogin.Identity.Swedish.AspNetCore", "src\ActiveLogin.Identity.Swedish.AspNetCore\ActiveLogin.Identity.Swedish.AspNetCore.csproj", "{1DED8621-13A5-4F96-99EB-BA7E99575FE0}"
EndProject
Project("{2150E333-8FDC-42A3-9474-1A3956D46DE8}") = "Solution files", "Solution files", "{A62CB923-FBEA-4F05-A776-47F8F7569DA8}"
	ProjectSection(SolutionItems) = preProject
		.gitignore = .gitignore
		CODE_OF_CONDUCT.md = CODE_OF_CONDUCT.md
		LICENSE.md = LICENSE.md
		README.md = README.md
	EndProjectSection
EndProject
Project("{2150E333-8FDC-42A3-9474-1A3956D46DE8}") = "samples", "samples", "{812BD112-1B02-4012-9B4D-61E5EAE23044}"
EndProject
Project("{9A19103F-16F7-4668-BE54-9A1E7A4F7556}") = "ConsoleSample.CSharp", "samples\ConsoleSample.CSharp\ConsoleSample.CSharp.csproj", "{644D6E68-CEF5-4BB4-BC41-5455A541C77D}"
EndProject
Project("{2150E333-8FDC-42A3-9474-1A3956D46DE8}") = "docs", "docs", "{A83D638A-F764-43E3-BA85-A4428045E460}"
EndProject
Project("{2150E333-8FDC-42A3-9474-1A3956D46DE8}") = "images", "images", "{64C47C88-4403-41A6-B8A3-AC12C1DA8206}"
	ProjectSection(SolutionItems) = preProject
		docs\images\active-login-logo-fingerprint-blue-256x256.png = docs\images\active-login-logo-fingerprint-blue-256x256.png
		docs\images\active-login-logo-fingerprint-blue-v2-256x256.png = docs\images\active-login-logo-fingerprint-blue-v2-256x256.png
	EndProjectSection
EndProject
Project("{9A19103F-16F7-4668-BE54-9A1E7A4F7556}") = "ActiveLogin.Identity.Swedish.AspNetCore.Test", "test\ActiveLogin.Identity.Swedish.AspNetCore.Test\ActiveLogin.Identity.Swedish.AspNetCore.Test.csproj", "{A414F554-17C9-47F2-BE7B-70FEA9385529}"
EndProject
Project("{6EC3EE1D-3C4E-46DD-8F32-0CC8E7565705}") = "ActiveLogin.Identity.Swedish", "src\ActiveLogin.Identity.Swedish\ActiveLogin.Identity.Swedish.fsproj", "{03FBA6FB-5291-4E2C-AEBE-F83E49B395B8}"
EndProject
Project("{6EC3EE1D-3C4E-46DD-8F32-0CC8E7565705}") = "ConsoleSample.FSharp", "samples\ConsoleSample.FSharp\ConsoleSample.FSharp.fsproj", "{19725E99-986D-4B5E-89A6-CB7B0E6415F6}"
EndProject
Project("{F2A71F9B-5D33-465A-A702-920D77279786}") = "ActiveLogin.Identity.Swedish.TestData", "src\ActiveLogin.Identity.Swedish.TestData\ActiveLogin.Identity.Swedish.TestData.fsproj", "{92E53830-40AF-4475-ACBE-20EB0B68DA3A}"
EndProject
Global
	GlobalSection(SolutionConfigurationPlatforms) = preSolution
		Debug|Any CPU = Debug|Any CPU
		Release|Any CPU = Release|Any CPU
	EndGlobalSection
	GlobalSection(ProjectConfigurationPlatforms) = postSolution
		{066DB539-8441-49BE-A831-191ABF84CF32}.Debug|Any CPU.ActiveCfg = Debug|Any CPU
		{066DB539-8441-49BE-A831-191ABF84CF32}.Debug|Any CPU.Build.0 = Debug|Any CPU
		{066DB539-8441-49BE-A831-191ABF84CF32}.Release|Any CPU.ActiveCfg = Release|Any CPU
		{066DB539-8441-49BE-A831-191ABF84CF32}.Release|Any CPU.Build.0 = Release|Any CPU
		{1DED8621-13A5-4F96-99EB-BA7E99575FE0}.Debug|Any CPU.ActiveCfg = Debug|Any CPU
		{1DED8621-13A5-4F96-99EB-BA7E99575FE0}.Debug|Any CPU.Build.0 = Debug|Any CPU
		{1DED8621-13A5-4F96-99EB-BA7E99575FE0}.Release|Any CPU.ActiveCfg = Release|Any CPU
		{1DED8621-13A5-4F96-99EB-BA7E99575FE0}.Release|Any CPU.Build.0 = Release|Any CPU
		{644D6E68-CEF5-4BB4-BC41-5455A541C77D}.Debug|Any CPU.ActiveCfg = Debug|Any CPU
		{644D6E68-CEF5-4BB4-BC41-5455A541C77D}.Debug|Any CPU.Build.0 = Debug|Any CPU
		{644D6E68-CEF5-4BB4-BC41-5455A541C77D}.Release|Any CPU.ActiveCfg = Release|Any CPU
		{644D6E68-CEF5-4BB4-BC41-5455A541C77D}.Release|Any CPU.Build.0 = Release|Any CPU
		{A414F554-17C9-47F2-BE7B-70FEA9385529}.Debug|Any CPU.ActiveCfg = Debug|Any CPU
		{A414F554-17C9-47F2-BE7B-70FEA9385529}.Debug|Any CPU.Build.0 = Debug|Any CPU
		{A414F554-17C9-47F2-BE7B-70FEA9385529}.Release|Any CPU.ActiveCfg = Release|Any CPU
		{A414F554-17C9-47F2-BE7B-70FEA9385529}.Release|Any CPU.Build.0 = Release|Any CPU
		{03FBA6FB-5291-4E2C-AEBE-F83E49B395B8}.Debug|Any CPU.ActiveCfg = Debug|Any CPU
		{03FBA6FB-5291-4E2C-AEBE-F83E49B395B8}.Debug|Any CPU.Build.0 = Debug|Any CPU
		{03FBA6FB-5291-4E2C-AEBE-F83E49B395B8}.Release|Any CPU.ActiveCfg = Release|Any CPU
		{03FBA6FB-5291-4E2C-AEBE-F83E49B395B8}.Release|Any CPU.Build.0 = Release|Any CPU
		{19725E99-986D-4B5E-89A6-CB7B0E6415F6}.Debug|Any CPU.ActiveCfg = Debug|Any CPU
		{19725E99-986D-4B5E-89A6-CB7B0E6415F6}.Debug|Any CPU.Build.0 = Debug|Any CPU
		{19725E99-986D-4B5E-89A6-CB7B0E6415F6}.Release|Any CPU.ActiveCfg = Release|Any CPU
		{19725E99-986D-4B5E-89A6-CB7B0E6415F6}.Release|Any CPU.Build.0 = Release|Any CPU
		{92E53830-40AF-4475-ACBE-20EB0B68DA3A}.Debug|Any CPU.ActiveCfg = Debug|Any CPU
		{92E53830-40AF-4475-ACBE-20EB0B68DA3A}.Debug|Any CPU.Build.0 = Debug|Any CPU
		{92E53830-40AF-4475-ACBE-20EB0B68DA3A}.Release|Any CPU.ActiveCfg = Release|Any CPU
		{92E53830-40AF-4475-ACBE-20EB0B68DA3A}.Release|Any CPU.Build.0 = Release|Any CPU
	EndGlobalSection
	GlobalSection(SolutionProperties) = preSolution
		HideSolutionNode = FALSE
	EndGlobalSection
	GlobalSection(NestedProjects) = preSolution
		{066DB539-8441-49BE-A831-191ABF84CF32} = {12A0FDF2-523E-42C7-81FE-4FDCA5E66A69}
		{1DED8621-13A5-4F96-99EB-BA7E99575FE0} = {9A0CF459-87CC-448D-B49D-EFC3D6482AA6}
		{644D6E68-CEF5-4BB4-BC41-5455A541C77D} = {812BD112-1B02-4012-9B4D-61E5EAE23044}
		{64C47C88-4403-41A6-B8A3-AC12C1DA8206} = {A83D638A-F764-43E3-BA85-A4428045E460}
		{A414F554-17C9-47F2-BE7B-70FEA9385529} = {12A0FDF2-523E-42C7-81FE-4FDCA5E66A69}
		{03FBA6FB-5291-4E2C-AEBE-F83E49B395B8} = {9A0CF459-87CC-448D-B49D-EFC3D6482AA6}
		{19725E99-986D-4B5E-89A6-CB7B0E6415F6} = {812BD112-1B02-4012-9B4D-61E5EAE23044}
		{92E53830-40AF-4475-ACBE-20EB0B68DA3A} = {9A0CF459-87CC-448D-B49D-EFC3D6482AA6}
	EndGlobalSection
	GlobalSection(ExtensibilityGlobals) = postSolution
		SolutionGuid = {2076F58C-968B-489D-94CA-B3729F5DE10D}
	EndGlobalSection
EndGlobal
